
Microsoft Visual Studio Solution File, Format Version 12.00
# Visual Studio Version 16
VisualStudioVersion = 16.0.30204.135
MinimumVisualStudioVersion = 10.0.40219.1
Project("{9A19103F-16F7-4668-BE54-9A1E7A4F7556}") = "InputsBuilder", "InputsBuilder.csproj", "{2169699D-4021-4C56-88E6-62DF1AC92428}"
EndProject
Project("{2150E333-8FDC-42A3-9474-1A3956D46DE8}") = "Splunk_App", "Splunk_App", "{07717A04-FB68-4483-ABE5-0704C1DB3EEF}"
	ProjectSection(SolutionItems) = preProject
		..\..\test_app\local\CreatePropsTransforms.py = ..\..\test_app\local\CreatePropsTransforms.py
		..\..\test_app\local\indexes.conf = ..\..\test_app\local\indexes.conf
		..\..\test_app\local\inputs.conf = ..\..\test_app\local\inputs.conf
		..\..\test_app\local\props.conf = ..\..\test_app\local\props.conf
		..\..\test_app\local\transforms.conf = ..\..\test_app\local\transforms.conf
	EndProjectSection
EndProject
Global
	GlobalSection(SolutionConfigurationPlatforms) = preSolution
		Debug|Any CPU = Debug|Any CPU
		Release|Any CPU = Release|Any CPU
	EndGlobalSection
	GlobalSection(ProjectConfigurationPlatforms) = postSolution
		{2169699D-4021-4C56-88E6-62DF1AC92428}.Debug|Any CPU.ActiveCfg = Debug|Any CPU
		{2169699D-4021-4C56-88E6-62DF1AC92428}.Debug|Any CPU.Build.0 = Debug|Any CPU
		{2169699D-4021-4C56-88E6-62DF1AC92428}.Release|Any CPU.ActiveCfg = Release|Any CPU
		{2169699D-4021-4C56-88E6-62DF1AC92428}.Release|Any CPU.Build.0 = Release|Any CPU
	EndGlobalSection
	GlobalSection(SolutionProperties) = preSolution
		HideSolutionNode = FALSE
	EndGlobalSection
	GlobalSection(ExtensibilityGlobals) = postSolution
		SolutionGuid = {5B6E8384-CDCC-4CDE-B3D7-12842306F183}
	EndGlobalSection
EndGlobal
